
Microsoft Visual Studio Solution File, Format Version 12.00
# Visual Studio Version 17
VisualStudioVersion = 17.7.34221.43
MinimumVisualStudioVersion = 10.0.40219.1
Project("{9A19103F-16F7-4668-BE54-9A1E7A4F7556}") = "TodoList", "TodoList.csproj", "{A40CA749-DC9F-4640-880F-14A1A37838D8}"
EndProject
Project("{9A19103F-16F7-4668-BE54-9A1E7A4F7556}") = "Calculator", "..\Calculator\Calculator.csproj", "{AE349301-E21F-4A96-A735-935FC681C6CB}"
EndProject
Project("{FAE04EC0-301F-11D3-BF4B-00C04F79EFBC}") = "Pizza", "..\Pizza\Pizza.csproj", "{2DB195C8-B43E-4B1A-B313-15C03959BB0C}"
EndProject
Global
	GlobalSection(SolutionConfigurationPlatforms) = preSolution
		Debug|Any CPU = Debug|Any CPU
		Release|Any CPU = Release|Any CPU
	EndGlobalSection
	GlobalSection(ProjectConfigurationPlatforms) = postSolution
		{A40CA749-DC9F-4640-880F-14A1A37838D8}.Debug|Any CPU.ActiveCfg = Debug|Any CPU
		{A40CA749-DC9F-4640-880F-14A1A37838D8}.Debug|Any CPU.Build.0 = Debug|Any CPU
		{A40CA749-DC9F-4640-880F-14A1A37838D8}.Release|Any CPU.ActiveCfg = Release|Any CPU
		{A40CA749-DC9F-4640-880F-14A1A37838D8}.Release|Any CPU.Build.0 = Release|Any CPU
		{AE349301-E21F-4A96-A735-935FC681C6CB}.Debug|Any CPU.ActiveCfg = Debug|Any CPU
		{AE349301-E21F-4A96-A735-935FC681C6CB}.Debug|Any CPU.Build.0 = Debug|Any CPU
		{AE349301-E21F-4A96-A735-935FC681C6CB}.Release|Any CPU.ActiveCfg = Release|Any CPU
		{AE349301-E21F-4A96-A735-935FC681C6CB}.Release|Any CPU.Build.0 = Release|Any CPU
		{2DB195C8-B43E-4B1A-B313-15C03959BB0C}.Debug|Any CPU.ActiveCfg = Debug|Any CPU
		{2DB195C8-B43E-4B1A-B313-15C03959BB0C}.Debug|Any CPU.Build.0 = Debug|Any CPU
		{2DB195C8-B43E-4B1A-B313-15C03959BB0C}.Release|Any CPU.ActiveCfg = Release|Any CPU
		{2DB195C8-B43E-4B1A-B313-15C03959BB0C}.Release|Any CPU.Build.0 = Release|Any CPU
	EndGlobalSection
	GlobalSection(SolutionProperties) = preSolution
		HideSolutionNode = FALSE
	EndGlobalSection
	GlobalSection(ExtensibilityGlobals) = postSolution
		SolutionGuid = {06DC59C1-EBDC-402A-9453-808037247437}
	EndGlobalSection
EndGlobal
